
Microsoft Visual Studio Solution File, Format Version 12.00
# Visual Studio Version 16
VisualStudioVersion = 25.0.1700.0
MinimumVisualStudioVersion = 10.0.40219.1
Project("{FAE04EC0-301F-11D3-BF4B-00C04F79EFBC}") = "ShelterData", "ShelterData\ShelterData.csproj", "{191EEEAA-7DB6-4095-8A64-D5240F458FEE}"
EndProject
Project("{FAE04EC0-301F-11D3-BF4B-00C04F79EFBC}") = "StaticGame", "StaticGame\StaticGame.csproj", "{FB333AB6-52AD-4014-A762-F1A4B798CC3A}"
EndProject
Project("{FAE04EC0-301F-11D3-BF4B-00C04F79EFBC}") = "OfflineGame", "OfflineGame\OfflineGame.csproj", "{9AC0C9DB-80DE-4B78-8329-14DA212D8EBB}"
EndProject
Global
	GlobalSection(SolutionConfigurationPlatforms) = preSolution
		Debug|Any CPU = Debug|Any CPU
		Release|Any CPU = Release|Any CPU
	EndGlobalSection
	GlobalSection(ProjectConfigurationPlatforms) = postSolution
		{191EEEAA-7DB6-4095-8A64-D5240F458FEE}.Debug|Any CPU.ActiveCfg = Debug|Any CPU
		{191EEEAA-7DB6-4095-8A64-D5240F458FEE}.Debug|Any CPU.Build.0 = Debug|Any CPU
		{191EEEAA-7DB6-4095-8A64-D5240F458FEE}.Release|Any CPU.ActiveCfg = Release|Any CPU
		{191EEEAA-7DB6-4095-8A64-D5240F458FEE}.Release|Any CPU.Build.0 = Release|Any CPU
		{FB333AB6-52AD-4014-A762-F1A4B798CC3A}.Debug|Any CPU.ActiveCfg = Debug|Any CPU
		{FB333AB6-52AD-4014-A762-F1A4B798CC3A}.Debug|Any CPU.Build.0 = Debug|Any CPU
		{FB333AB6-52AD-4014-A762-F1A4B798CC3A}.Release|Any CPU.ActiveCfg = Release|Any CPU
		{FB333AB6-52AD-4014-A762-F1A4B798CC3A}.Release|Any CPU.Build.0 = Release|Any CPU
		{9AC0C9DB-80DE-4B78-8329-14DA212D8EBB}.Debug|Any CPU.ActiveCfg = Debug|Any CPU
		{9AC0C9DB-80DE-4B78-8329-14DA212D8EBB}.Debug|Any CPU.Build.0 = Debug|Any CPU
		{9AC0C9DB-80DE-4B78-8329-14DA212D8EBB}.Release|Any CPU.ActiveCfg = Release|Any CPU
		{9AC0C9DB-80DE-4B78-8329-14DA212D8EBB}.Release|Any CPU.Build.0 = Release|Any CPU
	EndGlobalSection
	GlobalSection(SolutionProperties) = preSolution
		HideSolutionNode = FALSE
	EndGlobalSection
	GlobalSection(ExtensibilityGlobals) = postSolution
		SolutionGuid = {8A95DC3C-66EC-45E6-A8F0-3698C2DAF4A5}
	EndGlobalSection
EndGlobal
